
Microsoft Visual Studio Solution File, Format Version 12.00
# Visual Studio Version 17
VisualStudioVersion = 17.7.34221.43
MinimumVisualStudioVersion = 10.0.40219.1
Project("{8BC9CEB8-8B4A-11D0-8D11-00A0C91BC942}") = "Examen curso", "Examen curso\Examen curso.vcxproj", "{774ACC58-EF15-42D5-8EE6-39EFD871B6D4}"
EndProject
Global
	GlobalSection(SolutionConfigurationPlatforms) = preSolution
		Debug|x64 = Debug|x64
		Debug|x86 = Debug|x86
		Release|x64 = Release|x64
		Release|x86 = Release|x86
	EndGlobalSection
	GlobalSection(ProjectConfigurationPlatforms) = postSolution
		{774ACC58-EF15-42D5-8EE6-39EFD871B6D4}.Debug|x64.ActiveCfg = Debug|x64
		{774ACC58-EF15-42D5-8EE6-39EFD871B6D4}.Debug|x64.Build.0 = Debug|x64
		{774ACC58-EF15-42D5-8EE6-39EFD871B6D4}.Debug|x86.ActiveCfg = Debug|Win32
		{774ACC58-EF15-42D5-8EE6-39EFD871B6D4}.Debug|x86.Build.0 = Debug|Win32
		{774ACC58-EF15-42D5-8EE6-39EFD871B6D4}.Release|x64.ActiveCfg = Release|x64
		{774ACC58-EF15-42D5-8EE6-39EFD871B6D4}.Release|x64.Build.0 = Release|x64
		{774ACC58-EF15-42D5-8EE6-39EFD871B6D4}.Release|x86.ActiveCfg = Release|Win32
		{774ACC58-EF15-42D5-8EE6-39EFD871B6D4}.Release|x86.Build.0 = Release|Win32
	EndGlobalSection
	GlobalSection(SolutionProperties) = preSolution
		HideSolutionNode = FALSE
	EndGlobalSection
	GlobalSection(ExtensibilityGlobals) = postSolution
		SolutionGuid = {54B38AAE-2A87-4618-A93C-8BB24B50F0D1}
	EndGlobalSection
EndGlobal
