
Microsoft Visual Studio Solution File, Format Version 12.00
# Visual Studio Version 17
VisualStudioVersion = 17.7.34221.43
MinimumVisualStudioVersion = 10.0.40219.1
Project("{8BC9CEB8-8B4A-11D0-8D11-00A0C91BC942}") = "Nota Alumnos usando Clases", "Nota Alumnos usando Clases\Nota Alumnos usando Clases.vcxproj", "{E3AD4819-B63D-4221-B336-08F9628855E0}"
EndProject
Global
	GlobalSection(SolutionConfigurationPlatforms) = preSolution
		Debug|x64 = Debug|x64
		Debug|x86 = Debug|x86
		Release|x64 = Release|x64
		Release|x86 = Release|x86
	EndGlobalSection
	GlobalSection(ProjectConfigurationPlatforms) = postSolution
		{E3AD4819-B63D-4221-B336-08F9628855E0}.Debug|x64.ActiveCfg = Debug|x64
		{E3AD4819-B63D-4221-B336-08F9628855E0}.Debug|x64.Build.0 = Debug|x64
		{E3AD4819-B63D-4221-B336-08F9628855E0}.Debug|x86.ActiveCfg = Debug|Win32
		{E3AD4819-B63D-4221-B336-08F9628855E0}.Debug|x86.Build.0 = Debug|Win32
		{E3AD4819-B63D-4221-B336-08F9628855E0}.Release|x64.ActiveCfg = Release|x64
		{E3AD4819-B63D-4221-B336-08F9628855E0}.Release|x64.Build.0 = Release|x64
		{E3AD4819-B63D-4221-B336-08F9628855E0}.Release|x86.ActiveCfg = Release|Win32
		{E3AD4819-B63D-4221-B336-08F9628855E0}.Release|x86.Build.0 = Release|Win32
	EndGlobalSection
	GlobalSection(SolutionProperties) = preSolution
		HideSolutionNode = FALSE
	EndGlobalSection
	GlobalSection(ExtensibilityGlobals) = postSolution
		SolutionGuid = {CAE02F6B-6B4E-44A5-9C7D-F4CF0A951D04}
	EndGlobalSection
EndGlobal
